{
  "name": "r2-auto-bot",
  "version": "1.0.0",
  "lockfileVersion": 3,
  "requires": true,
  "packages": {
    "": {
      "name": "r2-auto-bot",
      "version": "1.0.0",
      "license": "MIT",
      "dependencies": {
        "axios": "^1.6.7",
        "blessed": "^0.1.81",
        "dotenv": "^16.3.1",
        "ethers": "^6.10.0",
        "figlet": "^1.7.0",
        "form-data": "^4.0.0",
        "uuid": "^9.0.1"
      },
      "engines": {
        "node": ">=16.0.0"
      }
    }
  },
  "dependencies": {
    "axios": {
      "version": "1.6.7",
      "resolved": "https://registry.npmjs.org/axios/-/axios-1.6.7.tgz",
      "integrity": "sha512-/hDJGff4T9ta7YfLu2a0XH8jNjcjqAO1dWuBQ4JFaZ6T6tv4vZq8LQ5E44Qd+5vQO+zmpUvC7uWl+QELi5UyA==",
      "dependencies": {
        "follow-redirects": "^1.15.4",
        "form-data": "^4.0.0",
        "proxy-from-env": "^1.1.0"
      }
    },
    "blessed": {
      "version": "0.1.81",
      "resolved": "https://registry.npmjs.org/blessed/-/blessed-0.1.81.tgz",
      "integrity": "sha512-LoF5gaeYFJfMF5uBpYsXP8DqzbyxmxEI9LZQF/MIrpAeH4QmQZQxI7HmXqZqodiZlCQ8LQeNqd9X/qQxQx8yw=="
    },
    "dotenv": {
      "version": "16.3.1",
      "resolved": "https://registry.npmjs.org/dotenv/-/dotenv-16.3.1.tgz",
      "integrity": "sha512-IPzF4w4/Rd94bA9imS68tZBaYyBWSCE47V1RGuMrB94iyTOIEwRm6upk0i7b8PWUlJwW7dlQuFN0sD1V6n1YfQ=="
    },
    "ethers": {
      "version": "6.10.0",
      "resolved": "https://registry.npmjs.org/ethers/-/ethers-6.10.0.tgz",
      "integrity": "sha512-+ufYwV6G3Q1F7vQ5+Jq78mWZxHnPQwDO1JPo+5QwI3hBQz4YdJ0J+ey0LwQjvPpwgXBxXqoVUwVQf+5Qk7z/Q==",
      "hasInstallScript": true
    },
    "figlet": {
      "version": "1.7.0",
      "resolved": "https://registry.npmjs.org/figlet/-/figlet-1.7.0.tgz",
      "integrity": "sha512-jlLqTEnEA8WbPJzZMr2XlRdRwmWvAoVj6h7KjqriqZQqQmQ6J1XEEQf1VJ7d8r3iIAZB0K3kQV2Q3JQWVSlWiw=="
    },
    "follow-redirects": {
      "version": "1.15.4",
      "resolved": "https://registry.npmjs.org/follow-redirects/-/follow-redirects-1.15.4.tgz",
      "integrity": "sha512-DW4c1mI0AQ1dI9NtTJMf3Xpdm9QSVsM8xkjYkbc1kcdkUoVd0JYViGQkI5ICNlJZJNdXZ0YzQSOZSBVv5Xxow=="
    },
    "form-data": {
      "version": "4.0.0",
      "resolved": "https://registry.npmjs.org/form-data/-/form-data-4.0.0.tgz",
      "integrity": "sha512-ETEklSGi5t0QMZuiXoA/Q6vcnxcLQP5vdugSpuAyi6SVGi2clPPp+xgEhuMaHC+zGgn31Kd235W35f7Hykkaww==",
      "dependencies": {
        "asynckit": "^0.4.0",
        "combined-stream": "^1.0.8",
        "mime-types": "^2.1.12"
      }
    },
    "proxy-from-env": {
      "version": "1.1.0",
      "resolved": "https://registry.npmjs.org/proxy-from-env/-/proxy-from-env-1.1.0.tgz",
      "integrity": "sha512-D+zkORCbA9f1tdWRK0RaCR3GPv50cMxcrz4X8k5LTSUD1Dkw47mKJEZQNunItRTkWwgtaUSo1RVFRIG9ZXiFYg=="
    },
    "uuid": {
      "version": "9.0.1",
      "resolved": "https://registry.npmjs.org/uuid/-/uuid-9.0.1.tgz",
      "integrity": "sha512-b+Q4IyXknYliJCMJAvrduqX0mKmR9DZ3V5AHkJoauw3qJ5XW5+QiqvZ0qmQZ5rH9XQlFpQ4Z4L+XkqWl/5pFw==",
      "bin": {
        "uuid": "dist/bin/uuid"
      }
    }
  }
}